
Microsoft Visual Studio Solution File, Format Version 12.00
# Visual Studio Version 16
VisualStudioVersion = 16.0.31129.286
MinimumVisualStudioVersion = 10.0.40219.1
Project("{FAE04EC0-301F-11D3-BF4B-00C04F79EFBC}") = "IntroToDelegates", "IntroToDelegates\IntroToDelegates.csproj", "{0B6C9CD7-410E-4A08-A4A2-0B96ADDE7BE1}"
EndProject
Global
	GlobalSection(SolutionConfigurationPlatforms) = preSolution
		Debug|Any CPU = Debug|Any CPU
		Release|Any CPU = Release|Any CPU
	EndGlobalSection
	GlobalSection(ProjectConfigurationPlatforms) = postSolution
		{0B6C9CD7-410E-4A08-A4A2-0B96ADDE7BE1}.Debug|Any CPU.ActiveCfg = Debug|Any CPU
		{0B6C9CD7-410E-4A08-A4A2-0B96ADDE7BE1}.Debug|Any CPU.Build.0 = Debug|Any CPU
		{0B6C9CD7-410E-4A08-A4A2-0B96ADDE7BE1}.Release|Any CPU.ActiveCfg = Release|Any CPU
		{0B6C9CD7-410E-4A08-A4A2-0B96ADDE7BE1}.Release|Any CPU.Build.0 = Release|Any CPU
	EndGlobalSection
	GlobalSection(SolutionProperties) = preSolution
		HideSolutionNode = FALSE
	EndGlobalSection
	GlobalSection(ExtensibilityGlobals) = postSolution
		SolutionGuid = {DE2115EC-316A-412C-B693-B041814D36E9}
	EndGlobalSection
EndGlobal
