
Microsoft Visual Studio Solution File, Format Version 12.00
# Visual Studio Version 16
VisualStudioVersion = 16.0.31129.286
MinimumVisualStudioVersion = 10.0.40219.1
Project("{FAE04EC0-301F-11D3-BF4B-00C04F79EFBC}") = "IntroToOops", "IntroToOops\IntroToOops.csproj", "{26D0981A-3630-441D-B25F-FD0FE6C796AE}"
EndProject
Global
	GlobalSection(SolutionConfigurationPlatforms) = preSolution
		Debug|Any CPU = Debug|Any CPU
		Release|Any CPU = Release|Any CPU
	EndGlobalSection
	GlobalSection(ProjectConfigurationPlatforms) = postSolution
		{26D0981A-3630-441D-B25F-FD0FE6C796AE}.Debug|Any CPU.ActiveCfg = Debug|Any CPU
		{26D0981A-3630-441D-B25F-FD0FE6C796AE}.Debug|Any CPU.Build.0 = Debug|Any CPU
		{26D0981A-3630-441D-B25F-FD0FE6C796AE}.Release|Any CPU.ActiveCfg = Release|Any CPU
		{26D0981A-3630-441D-B25F-FD0FE6C796AE}.Release|Any CPU.Build.0 = Release|Any CPU
	EndGlobalSection
	GlobalSection(SolutionProperties) = preSolution
		HideSolutionNode = FALSE
	EndGlobalSection
	GlobalSection(ExtensibilityGlobals) = postSolution
		SolutionGuid = {B136A2A9-39C4-49BB-9C66-ED248C747075}
	EndGlobalSection
EndGlobal
