
Microsoft Visual Studio Solution File, Format Version 12.00
# Visual Studio Version 16
VisualStudioVersion = 16.0.31129.286
MinimumVisualStudioVersion = 10.0.40219.1
Project("{FAE04EC0-301F-11D3-BF4B-00C04F79EFBC}") = "FlowControlDemo", "FlowControlDemo\FlowControlDemo.csproj", "{99F5B33F-CA7A-4CAB-ABFB-B22416452BD2}"
EndProject
Global
	GlobalSection(SolutionConfigurationPlatforms) = preSolution
		Debug|Any CPU = Debug|Any CPU
		Release|Any CPU = Release|Any CPU
	EndGlobalSection
	GlobalSection(ProjectConfigurationPlatforms) = postSolution
		{99F5B33F-CA7A-4CAB-ABFB-B22416452BD2}.Debug|Any CPU.ActiveCfg = Debug|Any CPU
		{99F5B33F-CA7A-4CAB-ABFB-B22416452BD2}.Debug|Any CPU.Build.0 = Debug|Any CPU
		{99F5B33F-CA7A-4CAB-ABFB-B22416452BD2}.Release|Any CPU.ActiveCfg = Release|Any CPU
		{99F5B33F-CA7A-4CAB-ABFB-B22416452BD2}.Release|Any CPU.Build.0 = Release|Any CPU
	EndGlobalSection
	GlobalSection(SolutionProperties) = preSolution
		HideSolutionNode = FALSE
	EndGlobalSection
	GlobalSection(ExtensibilityGlobals) = postSolution
		SolutionGuid = {41480562-EB06-4485-BF8B-42A493DD0792}
	EndGlobalSection
EndGlobal
