
Microsoft Visual Studio Solution File, Format Version 12.00
# Visual Studio Version 16
VisualStudioVersion = 16.0.31129.286
MinimumVisualStudioVersion = 10.0.40219.1
Project("{FAE04EC0-301F-11D3-BF4B-00C04F79EFBC}") = "TrainingCompany", "TrainingCompany\TrainingCompany.csproj", "{9863F0CA-9836-42D1-9144-DE8A17721979}"
EndProject
Global
	GlobalSection(SolutionConfigurationPlatforms) = preSolution
		Debug|Any CPU = Debug|Any CPU
		Release|Any CPU = Release|Any CPU
	EndGlobalSection
	GlobalSection(ProjectConfigurationPlatforms) = postSolution
		{9863F0CA-9836-42D1-9144-DE8A17721979}.Debug|Any CPU.ActiveCfg = Debug|Any CPU
		{9863F0CA-9836-42D1-9144-DE8A17721979}.Debug|Any CPU.Build.0 = Debug|Any CPU
		{9863F0CA-9836-42D1-9144-DE8A17721979}.Release|Any CPU.ActiveCfg = Release|Any CPU
		{9863F0CA-9836-42D1-9144-DE8A17721979}.Release|Any CPU.Build.0 = Release|Any CPU
	EndGlobalSection
	GlobalSection(SolutionProperties) = preSolution
		HideSolutionNode = FALSE
	EndGlobalSection
	GlobalSection(ExtensibilityGlobals) = postSolution
		SolutionGuid = {61090B89-07CC-48F4-A223-9BBC77DE10A0}
	EndGlobalSection
EndGlobal
