
Microsoft Visual Studio Solution File, Format Version 12.00
# Visual Studio Version 16
VisualStudioVersion = 16.0.31129.286
MinimumVisualStudioVersion = 10.0.40219.1
Project("{FAE04EC0-301F-11D3-BF4B-00C04F79EFBC}") = "MultiCastDelegate", "MultiCastDelegate\MultiCastDelegate.csproj", "{5A942CBE-FF82-4988-AEB3-33F9A8B79835}"
EndProject
Global
	GlobalSection(SolutionConfigurationPlatforms) = preSolution
		Debug|Any CPU = Debug|Any CPU
		Release|Any CPU = Release|Any CPU
	EndGlobalSection
	GlobalSection(ProjectConfigurationPlatforms) = postSolution
		{5A942CBE-FF82-4988-AEB3-33F9A8B79835}.Debug|Any CPU.ActiveCfg = Debug|Any CPU
		{5A942CBE-FF82-4988-AEB3-33F9A8B79835}.Debug|Any CPU.Build.0 = Debug|Any CPU
		{5A942CBE-FF82-4988-AEB3-33F9A8B79835}.Release|Any CPU.ActiveCfg = Release|Any CPU
		{5A942CBE-FF82-4988-AEB3-33F9A8B79835}.Release|Any CPU.Build.0 = Release|Any CPU
	EndGlobalSection
	GlobalSection(SolutionProperties) = preSolution
		HideSolutionNode = FALSE
	EndGlobalSection
	GlobalSection(ExtensibilityGlobals) = postSolution
		SolutionGuid = {0C56113F-2028-46EC-933B-5A372CF819D6}
	EndGlobalSection
EndGlobal
