
Microsoft Visual Studio Solution File, Format Version 12.00
# Visual Studio Version 16
VisualStudioVersion = 16.0.31129.286
MinimumVisualStudioVersion = 10.0.40219.1
Project("{FAE04EC0-301F-11D3-BF4B-00C04F79EFBC}") = "Introtomethods", "Introtomethods\Introtomethods.csproj", "{96F8B853-61CE-48ED-8FFF-1958C596D615}"
EndProject
Global
	GlobalSection(SolutionConfigurationPlatforms) = preSolution
		Debug|Any CPU = Debug|Any CPU
		Release|Any CPU = Release|Any CPU
	EndGlobalSection
	GlobalSection(ProjectConfigurationPlatforms) = postSolution
		{96F8B853-61CE-48ED-8FFF-1958C596D615}.Debug|Any CPU.ActiveCfg = Debug|Any CPU
		{96F8B853-61CE-48ED-8FFF-1958C596D615}.Debug|Any CPU.Build.0 = Debug|Any CPU
		{96F8B853-61CE-48ED-8FFF-1958C596D615}.Release|Any CPU.ActiveCfg = Release|Any CPU
		{96F8B853-61CE-48ED-8FFF-1958C596D615}.Release|Any CPU.Build.0 = Release|Any CPU
	EndGlobalSection
	GlobalSection(SolutionProperties) = preSolution
		HideSolutionNode = FALSE
	EndGlobalSection
	GlobalSection(ExtensibilityGlobals) = postSolution
		SolutionGuid = {5D594EEA-48C1-4287-A2EC-6E1BF6FBEC8E}
	EndGlobalSection
EndGlobal
